
Microsoft Visual Studio Solution File, Format Version 12.00
# Visual Studio Version 17
VisualStudioVersion = 17.14.36203.30 d17.14
MinimumVisualStudioVersion = 10.0.40219.1
Project("{FAE04EC0-301F-11D3-BF4B-00C04F79EFBC}") = "Aanagram", "Aanagram\Aanagram.csproj", "{A274A96E-1131-4D20-820B-79E8B8F1C452}"
EndProject
Global
	GlobalSection(SolutionConfigurationPlatforms) = preSolution
		Debug|Any CPU = Debug|Any CPU
		Release|Any CPU = Release|Any CPU
	EndGlobalSection
	GlobalSection(ProjectConfigurationPlatforms) = postSolution
		{A274A96E-1131-4D20-820B-79E8B8F1C452}.Debug|Any CPU.ActiveCfg = Debug|Any CPU
		{A274A96E-1131-4D20-820B-79E8B8F1C452}.Debug|Any CPU.Build.0 = Debug|Any CPU
		{A274A96E-1131-4D20-820B-79E8B8F1C452}.Release|Any CPU.ActiveCfg = Release|Any CPU
		{A274A96E-1131-4D20-820B-79E8B8F1C452}.Release|Any CPU.Build.0 = Release|Any CPU
	EndGlobalSection
	GlobalSection(SolutionProperties) = preSolution
		HideSolutionNode = FALSE
	EndGlobalSection
	GlobalSection(ExtensibilityGlobals) = postSolution
		SolutionGuid = {BA8A6167-5B6A-439D-98D2-78DCEC9A87D1}
	EndGlobalSection
EndGlobal
